
Microsoft Visual Studio Solution File, Format Version 12.00
# Visual Studio Version 17
VisualStudioVersion = 17.1.32414.318
MinimumVisualStudioVersion = 10.0.40219.1
Project("{FAE04EC0-301F-11D3-BF4B-00C04F79EFBC}") = "Addressbook", "Addressbook.csproj", "{9E723009-F92F-47DD-87E2-4A9FA6461278}"
EndProject
Project("{2150E333-8FDC-42A3-9474-1A3956D46DE8}") = "Solution Items", "Solution Items", "{0C528745-E936-444D-9FB6-AF978556D0A8}"
	ProjectSection(SolutionItems) = preProject
		.editorconfig = .editorconfig
	EndProjectSection
EndProject
Global
	GlobalSection(SolutionConfigurationPlatforms) = preSolution
		Debug|Any CPU = Debug|Any CPU
		Release|Any CPU = Release|Any CPU
	EndGlobalSection
	GlobalSection(ProjectConfigurationPlatforms) = postSolution
		{9E723009-F92F-47DD-87E2-4A9FA6461278}.Debug|Any CPU.ActiveCfg = Debug|Any CPU
		{9E723009-F92F-47DD-87E2-4A9FA6461278}.Debug|Any CPU.Build.0 = Debug|Any CPU
		{9E723009-F92F-47DD-87E2-4A9FA6461278}.Release|Any CPU.ActiveCfg = Release|Any CPU
		{9E723009-F92F-47DD-87E2-4A9FA6461278}.Release|Any CPU.Build.0 = Release|Any CPU
	EndGlobalSection
	GlobalSection(SolutionProperties) = preSolution
		HideSolutionNode = FALSE
	EndGlobalSection
	GlobalSection(ExtensibilityGlobals) = postSolution
		SolutionGuid = {E3C6DDD4-5E24-4514-A9BF-A057003627BB}
	EndGlobalSection
EndGlobal
